
Microsoft Visual Studio Solution File, Format Version 12.00
# Visual Studio Version 17
VisualStudioVersion = 17.4.33403.182
MinimumVisualStudioVersion = 10.0.40219.1
Project("{FAE04EC0-301F-11D3-BF4B-00C04F79EFBC}") = "WindowsFormsApp", "WindowsFormsApp\WindowsFormsApp.csproj", "{73AC6524-4648-4D55-AAA6-97D4952325DC}"
EndProject
Global
	GlobalSection(SolutionConfigurationPlatforms) = preSolution
		Debug|Any CPU = Debug|Any CPU
		Release|Any CPU = Release|Any CPU
	EndGlobalSection
	GlobalSection(ProjectConfigurationPlatforms) = postSolution
		{73AC6524-4648-4D55-AAA6-97D4952325DC}.Debug|Any CPU.ActiveCfg = Debug|Any CPU
		{73AC6524-4648-4D55-AAA6-97D4952325DC}.Debug|Any CPU.Build.0 = Debug|Any CPU
		{73AC6524-4648-4D55-AAA6-97D4952325DC}.Release|Any CPU.ActiveCfg = Release|Any CPU
		{73AC6524-4648-4D55-AAA6-97D4952325DC}.Release|Any CPU.Build.0 = Release|Any CPU
	EndGlobalSection
	GlobalSection(SolutionProperties) = preSolution
		HideSolutionNode = FALSE
	EndGlobalSection
	GlobalSection(ExtensibilityGlobals) = postSolution
		SolutionGuid = {A6335F01-A448-40BA-ADC0-3703703E9FBA}
	EndGlobalSection
EndGlobal
